
Microsoft Visual Studio Solution File, Format Version 12.00
# Visual Studio Version 16
VisualStudioVersion = 16.0.28701.123
MinimumVisualStudioVersion = 10.0.40219.1
Project("{FAE04EC0-301F-11D3-BF4B-00C04F79EFBC}") = "NicochViewerXamarin.Android", "NicochViewerXamarin\NicochViewerXamarin.Android\NicochViewerXamarin.Android.csproj", "{80CEBD21-2645-41FE-89C0-2D718DAE7C2F}"
EndProject
Project("{FAE04EC0-301F-11D3-BF4B-00C04F79EFBC}") = "NicochViewerXamarin.iOS", "NicochViewerXamarin\NicochViewerXamarin.iOS\NicochViewerXamarin.iOS.csproj", "{1472CF88-A8BD-457D-A6E8-083C4C1D78F4}"
EndProject
Project("{FAE04EC0-301F-11D3-BF4B-00C04F79EFBC}") = "NicochViewerXamarin", "NicochViewerXamarin\NicochViewerXamarin\NicochViewerXamarin.csproj", "{314AC075-01CB-41EE-A1DD-63A8E9822CB7}"
EndProject
Global
	GlobalSection(SolutionConfigurationPlatforms) = preSolution
		Debug|Any CPU = Debug|Any CPU
		Debug|iPhone = Debug|iPhone
		Debug|iPhoneSimulator = Debug|iPhoneSimulator
		Release|Any CPU = Release|Any CPU
		Release|iPhone = Release|iPhone
		Release|iPhoneSimulator = Release|iPhoneSimulator
	EndGlobalSection
	GlobalSection(ProjectConfigurationPlatforms) = postSolution
		{80CEBD21-2645-41FE-89C0-2D718DAE7C2F}.Debug|Any CPU.ActiveCfg = Debug|Any CPU
		{80CEBD21-2645-41FE-89C0-2D718DAE7C2F}.Debug|Any CPU.Build.0 = Debug|Any CPU
		{80CEBD21-2645-41FE-89C0-2D718DAE7C2F}.Debug|Any CPU.Deploy.0 = Debug|Any CPU
		{80CEBD21-2645-41FE-89C0-2D718DAE7C2F}.Debug|iPhone.ActiveCfg = Debug|Any CPU
		{80CEBD21-2645-41FE-89C0-2D718DAE7C2F}.Debug|iPhone.Build.0 = Debug|Any CPU
		{80CEBD21-2645-41FE-89C0-2D718DAE7C2F}.Debug|iPhone.Deploy.0 = Debug|Any CPU
		{80CEBD21-2645-41FE-89C0-2D718DAE7C2F}.Debug|iPhoneSimulator.ActiveCfg = Debug|Any CPU
		{80CEBD21-2645-41FE-89C0-2D718DAE7C2F}.Debug|iPhoneSimulator.Build.0 = Debug|Any CPU
		{80CEBD21-2645-41FE-89C0-2D718DAE7C2F}.Debug|iPhoneSimulator.Deploy.0 = Debug|Any CPU
		{80CEBD21-2645-41FE-89C0-2D718DAE7C2F}.Release|Any CPU.ActiveCfg = Release|Any CPU
		{80CEBD21-2645-41FE-89C0-2D718DAE7C2F}.Release|Any CPU.Build.0 = Release|Any CPU
		{80CEBD21-2645-41FE-89C0-2D718DAE7C2F}.Release|Any CPU.Deploy.0 = Release|Any CPU
		{80CEBD21-2645-41FE-89C0-2D718DAE7C2F}.Release|iPhone.ActiveCfg = Release|Any CPU
		{80CEBD21-2645-41FE-89C0-2D718DAE7C2F}.Release|iPhone.Build.0 = Release|Any CPU
		{80CEBD21-2645-41FE-89C0-2D718DAE7C2F}.Release|iPhone.Deploy.0 = Release|Any CPU
		{80CEBD21-2645-41FE-89C0-2D718DAE7C2F}.Release|iPhoneSimulator.ActiveCfg = Release|Any CPU
		{80CEBD21-2645-41FE-89C0-2D718DAE7C2F}.Release|iPhoneSimulator.Build.0 = Release|Any CPU
		{80CEBD21-2645-41FE-89C0-2D718DAE7C2F}.Release|iPhoneSimulator.Deploy.0 = Release|Any CPU
		{1472CF88-A8BD-457D-A6E8-083C4C1D78F4}.Debug|Any CPU.ActiveCfg = Debug|iPhoneSimulator
		{1472CF88-A8BD-457D-A6E8-083C4C1D78F4}.Debug|Any CPU.Build.0 = Debug|iPhoneSimulator
		{1472CF88-A8BD-457D-A6E8-083C4C1D78F4}.Debug|Any CPU.Deploy.0 = Debug|iPhoneSimulator
		{1472CF88-A8BD-457D-A6E8-083C4C1D78F4}.Debug|iPhone.ActiveCfg = Debug|iPhone
		{1472CF88-A8BD-457D-A6E8-083C4C1D78F4}.Debug|iPhone.Build.0 = Debug|iPhone
		{1472CF88-A8BD-457D-A6E8-083C4C1D78F4}.Debug|iPhone.Deploy.0 = Debug|iPhone
		{1472CF88-A8BD-457D-A6E8-083C4C1D78F4}.Debug|iPhoneSimulator.ActiveCfg = Debug|iPhoneSimulator
		{1472CF88-A8BD-457D-A6E8-083C4C1D78F4}.Debug|iPhoneSimulator.Build.0 = Debug|iPhoneSimulator
		{1472CF88-A8BD-457D-A6E8-083C4C1D78F4}.Debug|iPhoneSimulator.Deploy.0 = Debug|iPhoneSimulator
		{1472CF88-A8BD-457D-A6E8-083C4C1D78F4}.Release|Any CPU.ActiveCfg = Release|iPhone
		{1472CF88-A8BD-457D-A6E8-083C4C1D78F4}.Release|Any CPU.Build.0 = Release|iPhone
		{1472CF88-A8BD-457D-A6E8-083C4C1D78F4}.Release|Any CPU.Deploy.0 = Release|iPhone
		{1472CF88-A8BD-457D-A6E8-083C4C1D78F4}.Release|iPhone.ActiveCfg = Release|iPhone
		{1472CF88-A8BD-457D-A6E8-083C4C1D78F4}.Release|iPhone.Build.0 = Release|iPhone
		{1472CF88-A8BD-457D-A6E8-083C4C1D78F4}.Release|iPhone.Deploy.0 = Release|iPhone
		{1472CF88-A8BD-457D-A6E8-083C4C1D78F4}.Release|iPhoneSimulator.ActiveCfg = Release|iPhoneSimulator
		{1472CF88-A8BD-457D-A6E8-083C4C1D78F4}.Release|iPhoneSimulator.Build.0 = Release|iPhoneSimulator
		{1472CF88-A8BD-457D-A6E8-083C4C1D78F4}.Release|iPhoneSimulator.Deploy.0 = Release|iPhoneSimulator
		{314AC075-01CB-41EE-A1DD-63A8E9822CB7}.Debug|Any CPU.ActiveCfg = Debug|Any CPU
		{314AC075-01CB-41EE-A1DD-63A8E9822CB7}.Debug|Any CPU.Build.0 = Debug|Any CPU
		{314AC075-01CB-41EE-A1DD-63A8E9822CB7}.Debug|Any CPU.Deploy.0 = Debug|Any CPU
		{314AC075-01CB-41EE-A1DD-63A8E9822CB7}.Debug|iPhone.ActiveCfg = Debug|Any CPU
		{314AC075-01CB-41EE-A1DD-63A8E9822CB7}.Debug|iPhone.Build.0 = Debug|Any CPU
		{314AC075-01CB-41EE-A1DD-63A8E9822CB7}.Debug|iPhone.Deploy.0 = Debug|Any CPU
		{314AC075-01CB-41EE-A1DD-63A8E9822CB7}.Debug|iPhoneSimulator.ActiveCfg = Debug|Any CPU
		{314AC075-01CB-41EE-A1DD-63A8E9822CB7}.Debug|iPhoneSimulator.Build.0 = Debug|Any CPU
		{314AC075-01CB-41EE-A1DD-63A8E9822CB7}.Debug|iPhoneSimulator.Deploy.0 = Debug|Any CPU
		{314AC075-01CB-41EE-A1DD-63A8E9822CB7}.Release|Any CPU.ActiveCfg = Release|Any CPU
		{314AC075-01CB-41EE-A1DD-63A8E9822CB7}.Release|Any CPU.Build.0 = Release|Any CPU
		{314AC075-01CB-41EE-A1DD-63A8E9822CB7}.Release|Any CPU.Deploy.0 = Release|Any CPU
		{314AC075-01CB-41EE-A1DD-63A8E9822CB7}.Release|iPhone.ActiveCfg = Release|Any CPU
		{314AC075-01CB-41EE-A1DD-63A8E9822CB7}.Release|iPhone.Build.0 = Release|Any CPU
		{314AC075-01CB-41EE-A1DD-63A8E9822CB7}.Release|iPhone.Deploy.0 = Release|Any CPU
		{314AC075-01CB-41EE-A1DD-63A8E9822CB7}.Release|iPhoneSimulator.ActiveCfg = Release|Any CPU
		{314AC075-01CB-41EE-A1DD-63A8E9822CB7}.Release|iPhoneSimulator.Build.0 = Release|Any CPU
		{314AC075-01CB-41EE-A1DD-63A8E9822CB7}.Release|iPhoneSimulator.Deploy.0 = Release|Any CPU
	EndGlobalSection
	GlobalSection(SolutionProperties) = preSolution
		HideSolutionNode = FALSE
	EndGlobalSection
	GlobalSection(ExtensibilityGlobals) = postSolution
		SolutionGuid = {207AF17B-4282-4216-BCA8-0CA880CA781A}
	EndGlobalSection
EndGlobal
